
Microsoft Visual Studio Solution File, Format Version 12.00
# Visual Studio Version 17
VisualStudioVersion = 17.13.35806.99 d17.13
MinimumVisualStudioVersion = 10.0.40219.1
Project("{FAE04EC0-301F-11D3-BF4B-00C04F79EFBC}") = "SensorGraphApp", "SensorGraphApp\SensorGraphApp.csproj", "{82C2EDB8-0577-4BF8-85C2-CD00D1425F17}"
EndProject
Global
	GlobalSection(SolutionConfigurationPlatforms) = preSolution
		Debug|Any CPU = Debug|Any CPU
		Release|Any CPU = Release|Any CPU
	EndGlobalSection
	GlobalSection(ProjectConfigurationPlatforms) = postSolution
		{82C2EDB8-0577-4BF8-85C2-CD00D1425F17}.Debug|Any CPU.ActiveCfg = Debug|Any CPU
		{82C2EDB8-0577-4BF8-85C2-CD00D1425F17}.Debug|Any CPU.Build.0 = Debug|Any CPU
		{82C2EDB8-0577-4BF8-85C2-CD00D1425F17}.Debug|Any CPU.Deploy.0 = Debug|Any CPU
		{82C2EDB8-0577-4BF8-85C2-CD00D1425F17}.Release|Any CPU.ActiveCfg = Release|Any CPU
		{82C2EDB8-0577-4BF8-85C2-CD00D1425F17}.Release|Any CPU.Build.0 = Release|Any CPU
		{82C2EDB8-0577-4BF8-85C2-CD00D1425F17}.Release|Any CPU.Deploy.0 = Release|Any CPU
	EndGlobalSection
	GlobalSection(SolutionProperties) = preSolution
		HideSolutionNode = FALSE
	EndGlobalSection
	GlobalSection(ExtensibilityGlobals) = postSolution
		SolutionGuid = {CE421C55-3AE5-4D45-9E03-C41ADBF0A58C}
	EndGlobalSection
EndGlobal
